
Microsoft Visual Studio Solution File, Format Version 12.00
# Visual Studio Version 17
VisualStudioVersion = 17.11.35222.181
MinimumVisualStudioVersion = 10.0.40219.1
Project("{FAE04EC0-301F-11D3-BF4B-00C04F79EFBC}") = "Practica_1", "Practica_1.csproj", "{F3F759F5-FE13-49DA-93D5-717483113461}"
EndProject
Global
	GlobalSection(SolutionConfigurationPlatforms) = preSolution
		Debug|Any CPU = Debug|Any CPU
		Release|Any CPU = Release|Any CPU
	EndGlobalSection
	GlobalSection(ProjectConfigurationPlatforms) = postSolution
		{F3F759F5-FE13-49DA-93D5-717483113461}.Debug|Any CPU.ActiveCfg = Debug|Any CPU
		{F3F759F5-FE13-49DA-93D5-717483113461}.Debug|Any CPU.Build.0 = Debug|Any CPU
		{F3F759F5-FE13-49DA-93D5-717483113461}.Release|Any CPU.ActiveCfg = Release|Any CPU
		{F3F759F5-FE13-49DA-93D5-717483113461}.Release|Any CPU.Build.0 = Release|Any CPU
	EndGlobalSection
	GlobalSection(SolutionProperties) = preSolution
		HideSolutionNode = FALSE
	EndGlobalSection
	GlobalSection(ExtensibilityGlobals) = postSolution
		SolutionGuid = {8BD91DEA-38FD-4847-BE41-A2C8D12745FE}
	EndGlobalSection
EndGlobal
